
Microsoft Visual Studio Solution File, Format Version 12.00
# Visual Studio Version 17
VisualStudioVersion = 17.13.35828.75 d17.13
MinimumVisualStudioVersion = 10.0.40219.1
Project("{FAE04EC0-301F-11D3-BF4B-00C04F79EFBC}") = "Lab_17-18_StudentManager", "Lab_17-18_StudentManager\Lab_17-18_StudentManager.csproj", "{FFC865EF-BF19-4322-9731-D4A02F6CA202}"
EndProject
Global
	GlobalSection(SolutionConfigurationPlatforms) = preSolution
		Debug|Any CPU = Debug|Any CPU
		Release|Any CPU = Release|Any CPU
	EndGlobalSection
	GlobalSection(ProjectConfigurationPlatforms) = postSolution
		{FFC865EF-BF19-4322-9731-D4A02F6CA202}.Debug|Any CPU.ActiveCfg = Debug|Any CPU
		{FFC865EF-BF19-4322-9731-D4A02F6CA202}.Debug|Any CPU.Build.0 = Debug|Any CPU
		{FFC865EF-BF19-4322-9731-D4A02F6CA202}.Release|Any CPU.ActiveCfg = Release|Any CPU
		{FFC865EF-BF19-4322-9731-D4A02F6CA202}.Release|Any CPU.Build.0 = Release|Any CPU
	EndGlobalSection
	GlobalSection(SolutionProperties) = preSolution
		HideSolutionNode = FALSE
	EndGlobalSection
	GlobalSection(ExtensibilityGlobals) = postSolution
		SolutionGuid = {0DAC5087-B23F-43F1-ABA7-73D31B312E95}
	EndGlobalSection
EndGlobal
